
Microsoft Visual Studio Solution File, Format Version 12.00
# Visual Studio Version 17
VisualStudioVersion = 17.0.32014.148
MinimumVisualStudioVersion = 10.0.40219.1
Project("{FAE04EC0-301F-11D3-BF4B-00C04F79EFBC}") = "GameOfLlife", "GameOfLlife\GameOfLlife.csproj", "{39327385-240B-4FC0-B96C-28281D8052E1}"
EndProject
Project("{FAE04EC0-301F-11D3-BF4B-00C04F79EFBC}") = "GameOfLlife.Test", "GameOfLlife.Test\GameOfLlife.Test.csproj", "{6AE1303C-3894-44C8-86C3-18D8568CEA48}"
EndProject
Global
	GlobalSection(SolutionConfigurationPlatforms) = preSolution
		Debug|Any CPU = Debug|Any CPU
		Release|Any CPU = Release|Any CPU
	EndGlobalSection
	GlobalSection(ProjectConfigurationPlatforms) = postSolution
		{39327385-240B-4FC0-B96C-28281D8052E1}.Debug|Any CPU.ActiveCfg = Debug|Any CPU
		{39327385-240B-4FC0-B96C-28281D8052E1}.Debug|Any CPU.Build.0 = Debug|Any CPU
		{39327385-240B-4FC0-B96C-28281D8052E1}.Release|Any CPU.ActiveCfg = Release|Any CPU
		{39327385-240B-4FC0-B96C-28281D8052E1}.Release|Any CPU.Build.0 = Release|Any CPU
		{6AE1303C-3894-44C8-86C3-18D8568CEA48}.Debug|Any CPU.ActiveCfg = Debug|Any CPU
		{6AE1303C-3894-44C8-86C3-18D8568CEA48}.Debug|Any CPU.Build.0 = Debug|Any CPU
		{6AE1303C-3894-44C8-86C3-18D8568CEA48}.Release|Any CPU.ActiveCfg = Release|Any CPU
		{6AE1303C-3894-44C8-86C3-18D8568CEA48}.Release|Any CPU.Build.0 = Release|Any CPU
	EndGlobalSection
	GlobalSection(SolutionProperties) = preSolution
		HideSolutionNode = FALSE
	EndGlobalSection
	GlobalSection(ExtensibilityGlobals) = postSolution
		SolutionGuid = {2471A9A4-52E9-4437-B426-D6210EF6187F}
	EndGlobalSection
EndGlobal
