
Microsoft Visual Studio Solution File, Format Version 12.00
# Visual Studio Version 17
VisualStudioVersion = 17.0.32014.148
MinimumVisualStudioVersion = 10.0.40219.1
Project("{9A19103F-16F7-4668-BE54-9A1E7A4F7556}") = "GameOfLife", "GameOfLlife\GameOfLife.csproj", "{39327385-240B-4FC0-B96C-28281D8052E1}"
EndProject
Project("{9A19103F-16F7-4668-BE54-9A1E7A4F7556}") = "GameOfLife.Test", "GameOfLlife.Test\GameOfLife.Test.csproj", "{6AE1303C-3894-44C8-86C3-18D8568CEA48}"
EndProject
Project("{2150E333-8FDC-42A3-9474-1A3956D46DE8}") = "Solution Items", "Solution Items", "{2F6C0D1C-D800-4DA5-8CCF-9A6A23910081}"
	ProjectSection(SolutionItems) = preProject
		.gitignore = .gitignore
	EndProjectSection
EndProject
Project("{FAE04EC0-301F-11D3-BF4B-00C04F79EFBC}") = "GameOfLife.Console", "GameOfLife.Console\GameOfLife.Console.csproj", "{A9ACDB44-2012-4932-8C4F-FEE09C70AE1A}"
EndProject
Global
	GlobalSection(SolutionConfigurationPlatforms) = preSolution
		Debug|Any CPU = Debug|Any CPU
		Release|Any CPU = Release|Any CPU
	EndGlobalSection
	GlobalSection(ProjectConfigurationPlatforms) = postSolution
		{39327385-240B-4FC0-B96C-28281D8052E1}.Debug|Any CPU.ActiveCfg = Debug|Any CPU
		{39327385-240B-4FC0-B96C-28281D8052E1}.Debug|Any CPU.Build.0 = Debug|Any CPU
		{39327385-240B-4FC0-B96C-28281D8052E1}.Release|Any CPU.ActiveCfg = Release|Any CPU
		{39327385-240B-4FC0-B96C-28281D8052E1}.Release|Any CPU.Build.0 = Release|Any CPU
		{6AE1303C-3894-44C8-86C3-18D8568CEA48}.Debug|Any CPU.ActiveCfg = Debug|Any CPU
		{6AE1303C-3894-44C8-86C3-18D8568CEA48}.Debug|Any CPU.Build.0 = Debug|Any CPU
		{6AE1303C-3894-44C8-86C3-18D8568CEA48}.Release|Any CPU.ActiveCfg = Release|Any CPU
		{6AE1303C-3894-44C8-86C3-18D8568CEA48}.Release|Any CPU.Build.0 = Release|Any CPU
		{A9ACDB44-2012-4932-8C4F-FEE09C70AE1A}.Debug|Any CPU.ActiveCfg = Debug|Any CPU
		{A9ACDB44-2012-4932-8C4F-FEE09C70AE1A}.Debug|Any CPU.Build.0 = Debug|Any CPU
		{A9ACDB44-2012-4932-8C4F-FEE09C70AE1A}.Release|Any CPU.ActiveCfg = Release|Any CPU
		{A9ACDB44-2012-4932-8C4F-FEE09C70AE1A}.Release|Any CPU.Build.0 = Release|Any CPU
	EndGlobalSection
	GlobalSection(SolutionProperties) = preSolution
		HideSolutionNode = FALSE
	EndGlobalSection
	GlobalSection(ExtensibilityGlobals) = postSolution
		SolutionGuid = {2471A9A4-52E9-4437-B426-D6210EF6187F}
	EndGlobalSection
EndGlobal
